
Microsoft Visual Studio Solution File, Format Version 12.00
# Visual Studio Version 17
VisualStudioVersion = 17.14.36511.14
MinimumVisualStudioVersion = 10.0.40219.1
Project("{FAE04EC0-301F-11D3-BF4B-00C04F79EFBC}") = "SVGCreator", "SVGCreator\SVGCreator.csproj", "{1E5995F2-16DA-48D3-B641-878341C24E06}"
EndProject
Project("{FAE04EC0-301F-11D3-BF4B-00C04F79EFBC}") = "SVGCreatorTest", "SVGCreatorTest\SVGCreatorTest.csproj", "{1D2397FA-6924-4E62-A4FA-3747074B7251}"
EndProject
Global
	GlobalSection(SolutionConfigurationPlatforms) = preSolution
		Debug|Any CPU = Debug|Any CPU
		Release|Any CPU = Release|Any CPU
	EndGlobalSection
	GlobalSection(ProjectConfigurationPlatforms) = postSolution
		{1E5995F2-16DA-48D3-B641-878341C24E06}.Debug|Any CPU.ActiveCfg = Debug|Any CPU
		{1E5995F2-16DA-48D3-B641-878341C24E06}.Debug|Any CPU.Build.0 = Debug|Any CPU
		{1E5995F2-16DA-48D3-B641-878341C24E06}.Release|Any CPU.ActiveCfg = Release|Any CPU
		{1E5995F2-16DA-48D3-B641-878341C24E06}.Release|Any CPU.Build.0 = Release|Any CPU
		{1D2397FA-6924-4E62-A4FA-3747074B7251}.Debug|Any CPU.ActiveCfg = Debug|Any CPU
		{1D2397FA-6924-4E62-A4FA-3747074B7251}.Debug|Any CPU.Build.0 = Debug|Any CPU
		{1D2397FA-6924-4E62-A4FA-3747074B7251}.Release|Any CPU.ActiveCfg = Debug|Any CPU
	EndGlobalSection
	GlobalSection(SolutionProperties) = preSolution
		HideSolutionNode = FALSE
	EndGlobalSection
	GlobalSection(ExtensibilityGlobals) = postSolution
		SolutionGuid = {1BC20E82-D5A8-42D4-8BAD-2CA1F676D2A4}
	EndGlobalSection
EndGlobal
